
Microsoft Visual Studio Solution File, Format Version 12.00
# Visual Studio 14
VisualStudioVersion = 14.0.24720.0
MinimumVisualStudioVersion = 10.0.40219.1
Project("{FAE04EC0-301F-11D3-BF4B-00C04F79EFBC}") = "TSEDP_Opdracht_1_T.Ackermans-D.Voets", "TSEDP_Opdracht_1_T.Ackermans-D.Voets\TSEDP_Opdracht_1_T.Ackermans-D.Voets.csproj", "{0BF1A07B-9BE7-4F13-B899-5BC109EE8799}"
EndProject
Global
	GlobalSection(SolutionConfigurationPlatforms) = preSolution
		Debug|Any CPU = Debug|Any CPU
		Release|Any CPU = Release|Any CPU
	EndGlobalSection
	GlobalSection(ProjectConfigurationPlatforms) = postSolution
		{0BF1A07B-9BE7-4F13-B899-5BC109EE8799}.Debug|Any CPU.ActiveCfg = Debug|Any CPU
		{0BF1A07B-9BE7-4F13-B899-5BC109EE8799}.Debug|Any CPU.Build.0 = Debug|Any CPU
		{0BF1A07B-9BE7-4F13-B899-5BC109EE8799}.Release|Any CPU.ActiveCfg = Release|Any CPU
		{0BF1A07B-9BE7-4F13-B899-5BC109EE8799}.Release|Any CPU.Build.0 = Release|Any CPU
	EndGlobalSection
	GlobalSection(SolutionProperties) = preSolution
		HideSolutionNode = FALSE
	EndGlobalSection
EndGlobal
